// !$*UTF8*$!
{
	archiveVersion = 1;
	classes = {
	};
	objectVersion = 46;
	objects = {

/* Begin PBXBuildFile section */
		B753EFAE1EB15F2900606591 /* AppDelegate.swift in Sources */ = {isa = PBXBuildFile; fileRef = B753EFAD1EB15F2900606591 /* AppDelegate.swift */; };
		B753EFB31EB15F2900606591 /* Main.storyboard in Resources */ = {isa = PBXBuildFile; fileRef = B753EFB11EB15F2900606591 /* Main.storyboard */; };
		B753EFB51EB15F2900606591 /* Assets.xcassets in Resources */ = {isa = PBXBuildFile; fileRef = B753EFB41EB15F2900606591 /* Assets.xcassets */; };
		B753EFB81EB15F2900606591 /* LaunchScreen.storyboard in Resources */ = {isa = PBXBuildFile; fileRef = B753EFB61EB15F2900606591 /* LaunchScreen.storyboard */; };
		B753EFC11EB15FBA00606591 /* CardViewController.swift in Sources */ = {isa = PBXBuildFile; fileRef = B753EFC01EB15FBA00606591 /* CardViewController.swift */; };
		B753EFC41EB1613500606591 /* NavigationItemExtension.swift in Sources */ = {isa = PBXBuildFile; fileRef = B753EFC31EB1613500606591 /* NavigationItemExtension.swift */; };
/* End PBXBuildFile section */

/* Begin PBXFileReference section */
		B753EFAA1EB15F2900606591 /* Tinder.app */ = {isa = PBXFileReference; explicitFileType = wrapper.application; includeInIndex = 0; path = Tinder.app; sourceTree = BUILT_PRODUCTS_DIR; };
		B753EFAD1EB15F2900606591 /* AppDelegate.swift */ = {isa = PBXFileReference; lastKnownFileType = sourcecode.swift; path = AppDelegate.swift; sourceTree = "<group>"; };
		B753EFB21EB15F2900606591 /* Base */ = {isa = PBXFileReference; lastKnownFileType = file.storyboard; name = Base; path = Base.lproj/Main.storyboard; sourceTree = "<group>"; };
		B753EFB41EB15F2900606591 /* Assets.xcassets */ = {isa = PBXFileReference; lastKnownFileType = folder.assetcatalog; path = Assets.xcassets; sourceTree = "<group>"; };
		B753EFB71EB15F2900606591 /* Base */ = {isa = PBXFileReference; lastKnownFileType = file.storyboard; name = Base; path = Base.lproj/LaunchScreen.storyboard; sourceTree = "<group>"; };
		B753EFB91EB15F2900606591 /* Info.plist */ = {isa = PBXFileReference; lastKnownFileType = text.plist.xml; path = Info.plist; sourceTree = "<group>"; };
		B753EFC01EB15FBA00606591 /* CardViewController.swift */ = {isa = PBXFileReference; fileEncoding = 4; lastKnownFileType = sourcecode.swift; path = CardViewController.swift; sourceTree = "<group>"; };
		B753EFC31EB1613500606591 /* NavigationItemExtension.swift */ = {isa = PBXFileReference; fileEncoding = 4; lastKnownFileType = sourcecode.swift; path = NavigationItemExtension.swift; sourceTree = "<group>"; };
/* End PBXFileReference section */

/* Begin PBXFrameworksBuildPhase section */
		B753EFA71EB15F2900606591 /* Frameworks */ = {
			isa = PBXFrameworksBuildPhase;
			buildActionMask = 2147483647;
			files = (
			);
			runOnlyForDeploymentPostprocessing = 0;
		};
/* End PBXFrameworksBuildPhase section */

/* Begin PBXGroup section */
		B753EFA11EB15F2900606591 = {
			isa = PBXGroup;
			children = (
				B753EFAC1EB15F2900606591 /* Tinder */,
				B753EFAB1EB15F2900606591 /* Products */,
			);
			sourceTree = "<group>";
		};
		B753EFAB1EB15F2900606591 /* Products */ = {
			isa = PBXGroup;
			children = (
				B753EFAA1EB15F2900606591 /* Tinder.app */,
			);
			name = Products;
			sourceTree = "<group>";
		};
		B753EFAC1EB15F2900606591 /* Tinder */ = {
			isa = PBXGroup;
			children = (
				B753EFC21EB1610300606591 /* Extensions */,
				B753EFBF1EB15FAA00606591 /* Controllers */,
				B753EFAD1EB15F2900606591 /* AppDelegate.swift */,
				B753EFB11EB15F2900606591 /* Main.storyboard */,
				B753EFB41EB15F2900606591 /* Assets.xcassets */,
				B753EFB61EB15F2900606591 /* LaunchScreen.storyboard */,
				B753EFB91EB15F2900606591 /* Info.plist */,
			);
			path = Tinder;
			sourceTree = "<group>";
		};
		B753EFBF1EB15FAA00606591 /* Controllers */ = {
			isa = PBXGroup;
			children = (
				B753EFC01EB15FBA00606591 /* CardViewController.swift */,
			);
			name = Controllers;
			sourceTree = "<group>";
		};
		B753EFC21EB1610300606591 /* Extensions */ = {
			isa = PBXGroup;
			children = (
				B753EFC31EB1613500606591 /* NavigationItemExtension.swift */,
			);
			name = Extensions;
			sourceTree = "<group>";
		};
/* End PBXGroup section */

/* Begin PBXNativeTarget section */
		B753EFA91EB15F2900606591 /* Tinder */ = {
			isa = PBXNativeTarget;
			buildConfigurationList = B753EFBC1EB15F2900606591 /* Build configuration list for PBXNativeTarget "Tinder" */;
			buildPhases = (
				B753EFA61EB15F2900606591 /* Sources */,
				B753EFA71EB15F2900606591 /* Frameworks */,
				B753EFA81EB15F2900606591 /* Resources */,
			);
			buildRules = (
			);
			dependencies = (
			);
			name = Tinder;
			productName = Tinder;
			productReference = B753EFAA1EB15F2900606591 /* Tinder.app */;
			productType = "com.apple.product-type.application";
		};
/* End PBXNativeTarget section */

/* Begin PBXProject section */
		B753EFA21EB15F2900606591 /* Project object */ = {
			isa = PBXProject;
			attributes = {
				LastSwiftUpdateCheck = 0830;
				LastUpgradeCheck = 0830;
				ORGANIZATIONNAME = Edison;
				TargetAttributes = {
					B753EFA91EB15F2900606591 = {
						CreatedOnToolsVersion = 8.3.2;
						DevelopmentTeam = 73WH972W8F;
						ProvisioningStyle = Automatic;
					};
				};
			};
			buildConfigurationList = B753EFA51EB15F2900606591 /* Build configuration list for PBXProject "Tinder" */;
			compatibilityVersion = "Xcode 3.2";
			developmentRegion = English;
			hasScannedForEncodings = 0;
			knownRegions = (
				en,
				Base,
			);
			mainGroup = B753EFA11EB15F2900606591;
			productRefGroup = B753EFAB1EB15F2900606591 /* Products */;
			projectDirPath = "";
			projectRoot = "";
			targets = (
				B753EFA91EB15F2900606591 /* Tinder */,
			);
		};
/* End PBXProject section */

/* Begin PBXResourcesBuildPhase section */
		B753EFA81EB15F2900606591 /* Resources */ = {
			isa = PBXResourcesBuildPhase;
			buildActionMask = 2147483647;
			files = (
				B753EFB81EB15F2900606591 /* LaunchScreen.storyboard in Resources */,
				B753EFB51EB15F2900606591 /* Assets.xcassets in Resources */,
				B753EFB31EB15F2900606591 /* Main.storyboard in Resources */,
			);
			runOnlyForDeploymentPostprocessing = 0;
		};
/* End PBXResourcesBuildPhase section */

/* Begin PBXSourcesBuildPhase section */
		B753EFA61EB15F2900606591 /* Sources */ = {
			isa = PBXSourcesBuildPhase;
			buildActionMask = 2147483647;
			files = (
				B753EFC41EB1613500606591 /* NavigationItemExtension.swift in Sources */,
				B753EFAE1EB15F2900606591 /* AppDelegate.swift in Sources */,
				B753EFC11EB15FBA00606591 /* CardViewController.swift in Sources */,
			);
			runOnlyForDeploymentPostprocessing = 0;
		};
/* End PBXSourcesBuildPhase section */

/* Begin PBXVariantGroup section */
		B753EFB11EB15F2900606591 /* Main.storyboard */ = {
			isa = PBXVariantGroup;
			children = (
				B753EFB21EB15F2900606591 /* Base */,
			);
			name = Main.storyboard;
			sourceTree = "<group>";
		};
		B753EFB61EB15F2900606591 /* LaunchScreen.storyboard */ = {
			isa = PBXVariantGroup;
			children = (
				B753EFB71EB15F2900606591 /* Base */,
			);
			name = LaunchScreen.storyboard;
			sourceTree = "<group>";
		};
/* End PBXVariantGroup section */

/* Begin XCBuildConfiguration section */
		B753EFBA1EB15F2900606591 /* Debug */ = {
			isa = XCBuildConfiguration;
			buildSettings = {
				ALWAYS_SEARCH_USER_PATHS = NO;
				CLANG_ANALYZER_NONNULL = YES;
				CLANG_ANALYZER_NUMBER_OBJECT_CONVERSION = YES_AGGRESSIVE;
				CLANG_CXX_LANGUAGE_STANDARD = "gnu++0x";
				CLANG_CXX_LIBRARY = "libc++";
				CLANG_ENABLE_MODULES = YES;
				CLANG_ENABLE_OBJC_ARC = YES;
				CLANG_WARN_BOOL_CONVERSION = YES;
				CLANG_WARN_CONSTANT_CONVERSION = YES;
				CLANG_WARN_DIRECT_OBJC_ISA_USAGE = YES_ERROR;
				CLANG_WARN_DOCUMENTATION_COMMENTS = YES;
				CLANG_WARN_EMPTY_BODY = YES;
				CLANG_WARN_ENUM_CONVERSION = YES;
				CLANG_WARN_INFINITE_RECURSION = YES;
				CLANG_WARN_INT_CONVERSION = YES;
				CLANG_WARN_OBJC_ROOT_CLASS = YES_ERROR;
				CLANG_WARN_SUSPICIOUS_MOVE = YES;
				CLANG_WARN_UNREACHABLE_CODE = YES;
				CLANG_WARN__DUPLICATE_METHOD_MATCH = YES;
				"CODE_SIGN_IDENTITY[sdk=iphoneos*]" = "iPhone Developer";
				COPY_PHASE_STRIP = NO;
				DEBUG_INFORMATION_FORMAT = dwarf;
				ENABLE_STRICT_OBJC_MSGSEND = YES;
				ENABLE_TESTABILITY = YES;
				GCC_C_LANGUAGE_STANDARD = gnu99;
				GCC_DYNAMIC_NO_PIC = NO;
				GCC_NO_COMMON_BLOCKS = YES;
				GCC_OPTIMIZATION_LEVEL = 0;
				GCC_PREPROCESSOR_DEFINITIONS = (
					"DEBUG=1",
					"$(inherited)",
				);
				GCC_WARN_64_TO_32_BIT_CONVERSION = YES;
				GCC_WARN_ABOUT_RETURN_TYPE = YES_ERROR;
				GCC_WARN_UNDECLARED_SELECTOR = YES;
				GCC_WARN_UNINITIALIZED_AUTOS = YES_AGGRESSIVE;
				GCC_WARN_UNUSED_FUNCTION = YES;
				GCC_WARN_UNUSED_VARIABLE = YES;
				IPHONEOS_DEPLOYMENT_TARGET = 10.3;
				MTL_ENABLE_DEBUG_INFO = YES;
				ONLY_ACTIVE_ARCH = YES;
				SDKROOT = iphoneos;
				SWIFT_ACTIVE_COMPILATION_CONDITIONS = DEBUG;
				SWIFT_OPTIMIZATION_LEVEL = "-Onone";
				TARGETED_DEVICE_FAMILY = "1,2";
			};
			name = Debug;
		};
		B753EFBB1EB15F2900606591 /* Release */ = {
			isa = XCBuildConfiguration;
			buildSettings = {
				ALWAYS_SEARCH_USER_PATHS = NO;
				CLANG_ANALYZER_NONNULL = YES;
				CLANG_ANALYZER_NUMBER_OBJECT_CONVERSION = YES_AGGRESSIVE;
				CLANG_CXX_LANGUAGE_STANDARD = "gnu++0x";
				CLANG_CXX_LIBRARY = "libc++";
				CLANG_ENABLE_MODULES = YES;
				CLANG_ENABLE_OBJC_ARC = YES;
				CLANG_WARN_BOOL_CONVERSION = YES;
				CLANG_WARN_CONSTANT_CONVERSION = YES;
				CLANG_WARN_DIRECT_OBJC_ISA_USAGE = YES_ERROR;
				CLANG_WARN_DOCUMENTATION_COMMENTS = YES;
				CLANG_WARN_EMPTY_BODY = YES;
				CLANG_WARN_ENUM_CONVERSION = YES;
				CLANG_WARN_INFINITE_RECURSION = YES;
				CLANG_WARN_INT_CONVERSION = YES;
				CLANG_WARN_OBJC_ROOT_CLASS = YES_ERROR;
				CLANG_WARN_SUSPICIOUS_MOVE = YES;
				CLANG_WARN_UNREACHABLE_CODE = YES;
				CLANG_WARN__DUPLICATE_METHOD_MATCH = YES;
				"CODE_SIGN_IDENTITY[sdk=iphoneos*]" = "iPhone Developer";
				COPY_PHASE_STRIP = NO;
				DEBUG_INFORMATION_FORMAT = "dwarf-with-dsym";
				ENABLE_NS_ASSERTIONS = NO;
				ENABLE_STRICT_OBJC_MSGSEND = YES;
				GCC_C_LANGUAGE_STANDARD = gnu99;
				GCC_NO_COMMON_BLOCKS = YES;
				GCC_WARN_64_TO_32_BIT_CONVERSION = YES;
				GCC_WARN_ABOUT_RETURN_TYPE = YES_ERROR;
				GCC_WARN_UNDECLARED_SELECTOR = YES;
				GCC_WARN_UNINITIALIZED_AUTOS = YES_AGGRESSIVE;
				GCC_WARN_UNUSED_FUNCTION = YES;
				GCC_WARN_UNUSED_VARIABLE = YES;
				IPHONEOS_DEPLOYMENT_TARGET = 10.3;
				MTL_ENABLE_DEBUG_INFO = NO;
				SDKROOT = iphoneos;
				SWIFT_OPTIMIZATION_LEVEL = "-Owholemodule";
				TARGETED_DEVICE_FAMILY = "1,2";
				VALIDATE_PRODUCT = YES;
			};
			name = Release;
		};
		B753EFBD1EB15F2900606591 /* Debug */ = {
			isa = XCBuildConfiguration;
			buildSettings = {
				ASSETCATALOG_COMPILER_APPICON_NAME = AppIcon;
				DEVELOPMENT_TEAM = 73WH972W8F;
				INFOPLIST_FILE = Tinder/Info.plist;
				LD_RUNPATH_SEARCH_PATHS = "$(inherited) @executable_path/Frameworks";
				PRODUCT_BUNDLE_IDENTIFIER = com.Edison.Tinder;
				PRODUCT_NAME = "$(TARGET_NAME)";
				SWIFT_VERSION = 3.0;
			};
			name = Debug;
		};
		B753EFBE1EB15F2900606591 /* Release */ = {
			isa = XCBuildConfiguration;
			buildSettings = {
				ASSETCATALOG_COMPILER_APPICON_NAME = AppIcon;
				DEVELOPMENT_TEAM = 73WH972W8F;
				INFOPLIST_FILE = Tinder/Info.plist;
				LD_RUNPATH_SEARCH_PATHS = "$(inherited) @executable_path/Frameworks";
				PRODUCT_BUNDLE_IDENTIFIER = com.Edison.Tinder;
				PRODUCT_NAME = "$(TARGET_NAME)";
				SWIFT_VERSION = 3.0;
			};
			name = Release;
		};
/* End XCBuildConfiguration section */

/* Begin XCConfigurationList section */
		B753EFA51EB15F2900606591 /* Build configuration list for PBXProject "Tinder" */ = {
			isa = XCConfigurationList;
			buildConfigurations = (
				B753EFBA1EB15F2900606591 /* Debug */,
				B753EFBB1EB15F2900606591 /* Release */,
			);
			defaultConfigurationIsVisible = 0;
			defaultConfigurationName = Release;
		};
		B753EFBC1EB15F2900606591 /* Build configuration list for PBXNativeTarget "Tinder" */ = {
			isa = XCConfigurationList;
			buildConfigurations = (
				B753EFBD1EB15F2900606591 /* Debug */,
				B753EFBE1EB15F2900606591 /* Release */,
			);
			defaultConfigurationIsVisible = 0;
		};
/* End XCConfigurationList section */
	};
	rootObject = B753EFA21EB15F2900606591 /* Project object */;
}
